
Microsoft Visual Studio Solution File, Format Version 12.00
# Visual Studio Version 16
VisualStudioVersion = 16.0.29613.14
MinimumVisualStudioVersion = 10.0.40219.1
Project("{FAE04EC0-301F-11D3-BF4B-00C04F79EFBC}") = "FactoryMethod", "FactoryMethod\FactoryMethod.csproj", "{B4211C6F-32C7-4790-9F5C-24A0E43C2573}"
EndProject
Global
	GlobalSection(SolutionConfigurationPlatforms) = preSolution
		Debug|Any CPU = Debug|Any CPU
		Release|Any CPU = Release|Any CPU
	EndGlobalSection
	GlobalSection(ProjectConfigurationPlatforms) = postSolution
		{B4211C6F-32C7-4790-9F5C-24A0E43C2573}.Debug|Any CPU.ActiveCfg = Debug|Any CPU
		{B4211C6F-32C7-4790-9F5C-24A0E43C2573}.Debug|Any CPU.Build.0 = Debug|Any CPU
		{B4211C6F-32C7-4790-9F5C-24A0E43C2573}.Release|Any CPU.ActiveCfg = Release|Any CPU
		{B4211C6F-32C7-4790-9F5C-24A0E43C2573}.Release|Any CPU.Build.0 = Release|Any CPU
	EndGlobalSection
	GlobalSection(SolutionProperties) = preSolution
		HideSolutionNode = FALSE
	EndGlobalSection
	GlobalSection(ExtensibilityGlobals) = postSolution
		SolutionGuid = {FAED62B5-3B14-4F63-888B-D6A061C7126E}
	EndGlobalSection
EndGlobal
